lockfileVersion: '6.0'

settings:
  autoInstallPeers: true
  excludeLinksFromLockfile: false

importers:

  .:
    devDependencies:
      husky:
        specifier: ^9.1.7
        version: 9.1.7
      prettier:
        specifier: ^3.4.2
        version: 3.8.0
      typescript:
        specifier: ^5.7.3
        version: 5.9.3

  apps/api:
    devDependencies:
      '@read-master/config':
        specifier: workspace:*
        version: link:../../packages/config
      typescript:
        specifier: ^5.7.3
        version: 5.9.3

  apps/web:
    devDependencies:
      '@read-master/config':
        specifier: workspace:*
        version: link:../../packages/config
      typescript:
        specifier: ^5.7.3
        version: 5.9.3

  packages/ai:
    devDependencies:
      '@read-master/config':
        specifier: workspace:*
        version: link:../config
      typescript:
        specifier: ^5.7.3
        version: 5.9.3

  packages/config:
    devDependencies:
      typescript:
        specifier: ^5.7.3
        version: 5.9.3

  packages/database:
    devDependencies:
      '@read-master/config':
        specifier: workspace:*
        version: link:../config
      typescript:
        specifier: ^5.7.3
        version: 5.9.3

  packages/shared:
    devDependencies:
      '@read-master/config':
        specifier: workspace:*
        version: link:../config
      typescript:
        specifier: ^5.7.3
        version: 5.9.3

packages:

  /husky@9.1.7:
    resolution: {integrity: sha512-5gs5ytaNjBrh5Ow3zrvdUUY+0VxIuWVL4i9irt6friV+BqdCfmV11CQTWMiBYWHbXhco+J1kHfTOUkePhCDvMA==}
    engines: {node: '>=18'}
    hasBin: true
    dev: true

  /prettier@3.8.0:
    resolution: {integrity: sha512-yEPsovQfpxYfgWNhCfECjG5AQaO+K3dp6XERmOepyPDVqcJm+bjyCVO3pmU+nAPe0N5dDvekfGezt/EIiRe1TA==}
    engines: {node: '>=14'}
    hasBin: true
    dev: true

  /typescript@5.9.3:
    resolution: {integrity: sha512-jl1vZzPDinLr9eUt3J/t7V6FgNEw9QjvBPdysz9KfQDD41fQrC2Y4vKQdiaUpFT4bXlb1RHhLpp8wtm6M5TgSw==}
    engines: {node: '>=14.17'}
    hasBin: true
    dev: true
